// !$*UTF8*$!
{
	archiveVersion = 1;
	classes = {
	};
	objectVersion = 56;
	objects = {

/* Begin PBXBuildFile section */
		95AE8C20293DAF8500410408 /* starwars.graphql in Resources */ = {isa = PBXBuildFile; fileRef = 95AE8C1E293DAF8500410408 /* starwars.graphql */; };
		95AE8C26293DB24500410408 /* relay.config.json in Resources */ = {isa = PBXBuildFile; fileRef = 95AE8C25293DB24500410408 /* relay.config.json */; };
		95AE8C28293DB50D00410408 /* starwars.json in Resources */ = {isa = PBXBuildFile; fileRef = 95AE8C27293DB50D00410408 /* starwars.json */; };
		95AE8C32293F01B300410408 /* FilmListViewQuery.relay.swift in Sources */ = {isa = PBXBuildFile; fileRef = 95AE8C30293F01B300410408 /* FilmListViewQuery.relay.swift */; };
		95AE8C33293F01B300410408 /* FilmListItemView_film.relay.swift in Sources */ = {isa = PBXBuildFile; fileRef = 95AE8C31293F01B300410408 /* FilmListItemView_film.relay.swift */; };
		95CEF758291F238600A9D772 /* cloudsApp.swift in Sources */ = {isa = PBXBuildFile; fileRef = 95CEF757291F238600A9D772 /* cloudsApp.swift */; };
		95CEF75A291F238600A9D772 /* FilmListView.swift in Sources */ = {isa = PBXBuildFile; fileRef = 95CEF759291F238600A9D772 /* FilmListView.swift */; };
		95CEF75C291F238E00A9D772 /* Assets.xcassets in Resources */ = {isa = PBXBuildFile; fileRef = 95CEF75B291F238E00A9D772 /* Assets.xcassets */; };
		95CEF75F291F238E00A9D772 /* Preview Assets.xcassets in Resources */ = {isa = PBXBuildFile; fileRef = 95CEF75E291F238E00A9D772 /* Preview Assets.xcassets */; };
		95CEF769291F238E00A9D772 /* cloudsTests.swift in Sources */ = {isa = PBXBuildFile; fileRef = 95CEF768291F238E00A9D772 /* cloudsTests.swift */; };
		95CEF773291F238E00A9D772 /* cloudsUITests.swift in Sources */ = {isa = PBXBuildFile; fileRef = 95CEF772291F238E00A9D772 /* cloudsUITests.swift */; };
		95CEF775291F238E00A9D772 /* cloudsUITestsLaunchTests.swift in Sources */ = {isa = PBXBuildFile; fileRef = 95CEF774291F238E00A9D772 /* cloudsUITestsLaunchTests.swift */; };
		95CEF782291F241D00A9D772 /* FilmListItemView.swift in Sources */ = {isa = PBXBuildFile; fileRef = 95CEF781291F241D00A9D772 /* FilmListItemView.swift */; };
		95E2B74D2945B343005C957C /* Amphion in Frameworks */ = {isa = PBXBuildFile; productRef = 95E2B74C2945B343005C957C /* Amphion */; };
		95E2B74F2946EC2C005C957C /* filmlistviewq.swift in Sources */ = {isa = PBXBuildFile; fileRef = 95E2B74E2946EC2C005C957C /* filmlistviewq.swift */; };
		95F2653B293D205900BCACFB /* cumulus.jpg in Resources */ = {isa = PBXBuildFile; fileRef = 95F2653A293D205900BCACFB /* cumulus.jpg */; };
/* End PBXBuildFile section */

/* Begin PBXContainerItemProxy section */
		95CEF765291F238E00A9D772 /* PBXContainerItemProxy */ = {
			isa = PBXContainerItemProxy;
			containerPortal = 95CEF74C291F238600A9D772 /* Project object */;
			proxyType = 1;
			remoteGlobalIDString = 95CEF753291F238600A9D772;
			remoteInfo = clouds;
		};
		95CEF76F291F238E00A9D772 /* PBXContainerItemProxy */ = {
			isa = PBXContainerItemProxy;
			containerPortal = 95CEF74C291F238600A9D772 /* Project object */;
			proxyType = 1;
			remoteGlobalIDString = 95CEF753291F238600A9D772;
			remoteInfo = clouds;
		};
/* End PBXContainerItemProxy section */

/* Begin PBXFileReference section */
		95AE8C1E293DAF8500410408 /* starwars.graphql */ = {isa = PBXFileReference; fileEncoding = 4; lastKnownFileType = text; path = starwars.graphql; sourceTree = "<group>"; };
		95AE8C25293DB24500410408 /* relay.config.json */ = {isa = PBXFileReference; fileEncoding = 4; lastKnownFileType = text.json; path = relay.config.json; sourceTree = "<group>"; };
		95AE8C27293DB50D00410408 /* starwars.json */ = {isa = PBXFileReference; fileEncoding = 4; lastKnownFileType = text.json; path = starwars.json; sourceTree = "<group>"; };
		95AE8C30293F01B300410408 /* FilmListViewQuery.relay.swift */ = {isa = PBXFileReference; fileEncoding = 4; lastKnownFileType = sourcecode.swift; path = FilmListViewQuery.relay.swift; sourceTree = "<group>"; };
		95AE8C31293F01B300410408 /* FilmListItemView_film.relay.swift */ = {isa = PBXFileReference; fileEncoding = 4; lastKnownFileType = sourcecode.swift; path = FilmListItemView_film.relay.swift; sourceTree = "<group>"; };
		95CEF754291F238600A9D772 /* clouds.app */ = {isa = PBXFileReference; explicitFileType = wrapper.application; includeInIndex = 0; path = clouds.app; sourceTree = BUILT_PRODUCTS_DIR; };
		95CEF757291F238600A9D772 /* cloudsApp.swift */ = {isa = PBXFileReference; lastKnownFileType = sourcecode.swift; path = cloudsApp.swift; sourceTree = "<group>"; };
		95CEF759291F238600A9D772 /* FilmListView.swift */ = {isa = PBXFileReference; lastKnownFileType = sourcecode.swift; path = FilmListView.swift; sourceTree = "<group>"; };
		95CEF75B291F238E00A9D772 /* Assets.xcassets */ = {isa = PBXFileReference; lastKnownFileType = folder.assetcatalog; path = Assets.xcassets; sourceTree = "<group>"; };
		95CEF75E291F238E00A9D772 /* Preview Assets.xcassets */ = {isa = PBXFileReference; lastKnownFileType = folder.assetcatalog; path = "Preview Assets.xcassets"; sourceTree = "<group>"; };
		95CEF764291F238E00A9D772 /* cloudsTests.xctest */ = {isa = PBXFileReference; explicitFileType = wrapper.cfbundle; includeInIndex = 0; path = cloudsTests.xctest; sourceTree = BUILT_PRODUCTS_DIR; };
		95CEF768291F238E00A9D772 /* cloudsTests.swift */ = {isa = PBXFileReference; lastKnownFileType = sourcecode.swift; path = cloudsTests.swift; sourceTree = "<group>"; };
		95CEF76E291F238E00A9D772 /* cloudsUITests.xctest */ = {isa = PBXFileReference; explicitFileType = wrapper.cfbundle; includeInIndex = 0; path = cloudsUITests.xctest; sourceTree = BUILT_PRODUCTS_DIR; };
		95CEF772291F238E00A9D772 /* cloudsUITests.swift */ = {isa = PBXFileReference; lastKnownFileType = sourcecode.swift; path = cloudsUITests.swift; sourceTree = "<group>"; };
		95CEF774291F238E00A9D772 /* cloudsUITestsLaunchTests.swift */ = {isa = PBXFileReference; lastKnownFileType = sourcecode.swift; path = cloudsUITestsLaunchTests.swift; sourceTree = "<group>"; };
		95CEF781291F241D00A9D772 /* FilmListItemView.swift */ = {isa = PBXFileReference; lastKnownFileType = sourcecode.swift; path = FilmListItemView.swift; sourceTree = "<group>"; };
		95E2B7492945B15B005C957C /* Amphion */ = {isa = PBXFileReference; lastKnownFileType = wrapper; name = Amphion; path = ../Amphion; sourceTree = "<group>"; };
		95E2B74A2945B323005C957C /* Amphion */ = {isa = PBXFileReference; lastKnownFileType = wrapper; name = Amphion; path = ../Amphion; sourceTree = "<group>"; };
		95E2B74E2946EC2C005C957C /* filmlistviewq.swift */ = {isa = PBXFileReference; lastKnownFileType = sourcecode.swift; path = filmlistviewq.swift; sourceTree = "<group>"; };
		95F2653A293D205900BCACFB /* cumulus.jpg */ = {isa = PBXFileReference; lastKnownFileType = image.jpeg; path = cumulus.jpg; sourceTree = "<group>"; };
/* End PBXFileReference section */

/* Begin PBXFrameworksBuildPhase section */
		95CEF751291F238600A9D772 /* Frameworks */ = {
			isa = PBXFrameworksBuildPhase;
			buildActionMask = 2147483647;
			files = (
				95E2B74D2945B343005C957C /* Amphion in Frameworks */,
			);
			runOnlyForDeploymentPostprocessing = 0;
		};
		95CEF761291F238E00A9D772 /* Frameworks */ = {
			isa = PBXFrameworksBuildPhase;
			buildActionMask = 2147483647;
			files = (
			);
			runOnlyForDeploymentPostprocessing = 0;
		};
		95CEF76B291F238E00A9D772 /* Frameworks */ = {
			isa = PBXFrameworksBuildPhase;
			buildActionMask = 2147483647;
			files = (
			);
			runOnlyForDeploymentPostprocessing = 0;
		};
/* End PBXFrameworksBuildPhase section */

/* Begin PBXGroup section */
		95AE8C22293DAFD500410408 /* gql */ = {
			isa = PBXGroup;
			children = (
				95AE8C1E293DAF8500410408 /* starwars.graphql */,
				95AE8C27293DB50D00410408 /* starwars.json */,
			);
			path = gql;
			sourceTree = "<group>";
		};
		95AE8C2F293F01B300410408 /* __generated__ */ = {
			isa = PBXGroup;
			children = (
				95AE8C30293F01B300410408 /* FilmListViewQuery.relay.swift */,
				95AE8C31293F01B300410408 /* FilmListItemView_film.relay.swift */,
				95E2B74E2946EC2C005C957C /* filmlistviewq.swift */,
			);
			path = __generated__;
			sourceTree = "<group>";
		};
		95CEF74B291F238600A9D772 = {
			isa = PBXGroup;
			children = (
				95E2B7462945AEE2005C957C /* Packages */,
				95AE8C25293DB24500410408 /* relay.config.json */,
				95AE8C22293DAFD500410408 /* gql */,
				95CEF756291F238600A9D772 /* clouds */,
				95CEF767291F238E00A9D772 /* cloudsTests */,
				95CEF771291F238E00A9D772 /* cloudsUITests */,
				95CEF755291F238600A9D772 /* Products */,
				95E2B74B2945B343005C957C /* Frameworks */,
			);
			sourceTree = "<group>";
		};
		95CEF755291F238600A9D772 /* Products */ = {
			isa = PBXGroup;
			children = (
				95CEF754291F238600A9D772 /* clouds.app */,
				95CEF764291F238E00A9D772 /* cloudsTests.xctest */,
				95CEF76E291F238E00A9D772 /* cloudsUITests.xctest */,
			);
			name = Products;
			sourceTree = "<group>";
		};
		95CEF756291F238600A9D772 /* clouds */ = {
			isa = PBXGroup;
			children = (
				95AE8C2F293F01B300410408 /* __generated__ */,
				95CEF757291F238600A9D772 /* cloudsApp.swift */,
				95CEF759291F238600A9D772 /* FilmListView.swift */,
				95CEF781291F241D00A9D772 /* FilmListItemView.swift */,
				95CEF75B291F238E00A9D772 /* Assets.xcassets */,
				95F2653A293D205900BCACFB /* cumulus.jpg */,
				95CEF75D291F238E00A9D772 /* Preview Content */,
			);
			path = clouds;
			sourceTree = "<group>";
		};
		95CEF75D291F238E00A9D772 /* Preview Content */ = {
			isa = PBXGroup;
			children = (
				95CEF75E291F238E00A9D772 /* Preview Assets.xcassets */,
			);
			path = "Preview Content";
			sourceTree = "<group>";
		};
		95CEF767291F238E00A9D772 /* cloudsTests */ = {
			isa = PBXGroup;
			children = (
				95CEF768291F238E00A9D772 /* cloudsTests.swift */,
			);
			path = cloudsTests;
			sourceTree = "<group>";
		};
		95CEF771291F238E00A9D772 /* cloudsUITests */ = {
			isa = PBXGroup;
			children = (
				95CEF772291F238E00A9D772 /* cloudsUITests.swift */,
				95CEF774291F238E00A9D772 /* cloudsUITestsLaunchTests.swift */,
			);
			path = cloudsUITests;
			sourceTree = "<group>";
		};
		95E2B7462945AEE2005C957C /* Packages */ = {
			isa = PBXGroup;
			children = (
				95E2B7492945B15B005C957C /* Amphion */,
				95E2B74A2945B323005C957C /* Amphion */,
			);
			name = Packages;
			sourceTree = "<group>";
		};
		95E2B74B2945B343005C957C /* Frameworks */ = {
			isa = PBXGroup;
			children = (
			);
			name = Frameworks;
			sourceTree = "<group>";
		};
/* End PBXGroup section */

/* Begin PBXNativeTarget section */
		95CEF753291F238600A9D772 /* clouds */ = {
			isa = PBXNativeTarget;
			buildConfigurationList = 95CEF778291F238E00A9D772 /* Build configuration list for PBXNativeTarget "clouds" */;
			buildPhases = (
				95CEF750291F238600A9D772 /* Sources */,
				95CEF751291F238600A9D772 /* Frameworks */,
				95CEF752291F238600A9D772 /* Resources */,
			);
			buildRules = (
			);
			dependencies = (
			);
			name = clouds;
			packageProductDependencies = (
				95E2B74C2945B343005C957C /* Amphion */,
			);
			productName = clouds;
			productReference = 95CEF754291F238600A9D772 /* clouds.app */;
			productType = "com.apple.product-type.application";
		};
		95CEF763291F238E00A9D772 /* cloudsTests */ = {
			isa = PBXNativeTarget;
			buildConfigurationList = 95CEF77B291F238E00A9D772 /* Build configuration list for PBXNativeTarget "cloudsTests" */;
			buildPhases = (
				95CEF760291F238E00A9D772 /* Sources */,
				95CEF761291F238E00A9D772 /* Frameworks */,
				95CEF762291F238E00A9D772 /* Resources */,
			);
			buildRules = (
			);
			dependencies = (
				95CEF766291F238E00A9D772 /* PBXTargetDependency */,
			);
			name = cloudsTests;
			productName = cloudsTests;
			productReference = 95CEF764291F238E00A9D772 /* cloudsTests.xctest */;
			productType = "com.apple.product-type.bundle.unit-test";
		};
		95CEF76D291F238E00A9D772 /* cloudsUITests */ = {
			isa = PBXNativeTarget;
			buildConfigurationList = 95CEF77E291F238E00A9D772 /* Build configuration list for PBXNativeTarget "cloudsUITests" */;
			buildPhases = (
				95CEF76A291F238E00A9D772 /* Sources */,
				95CEF76B291F238E00A9D772 /* Frameworks */,
				95CEF76C291F238E00A9D772 /* Resources */,
			);
			buildRules = (
			);
			dependencies = (
				95CEF770291F238E00A9D772 /* PBXTargetDependency */,
			);
			name = cloudsUITests;
			productName = cloudsUITests;
			productReference = 95CEF76E291F238E00A9D772 /* cloudsUITests.xctest */;
			productType = "com.apple.product-type.bundle.ui-testing";
		};
/* End PBXNativeTarget section */

/* Begin PBXProject section */
		95CEF74C291F238600A9D772 /* Project object */ = {
			isa = PBXProject;
			attributes = {
				BuildIndependentTargetsInParallel = 1;
				LastSwiftUpdateCheck = 1410;
				LastUpgradeCheck = 1410;
				TargetAttributes = {
					95CEF753291F238600A9D772 = {
						CreatedOnToolsVersion = 14.1;
					};
					95CEF763291F238E00A9D772 = {
						CreatedOnToolsVersion = 14.1;
						TestTargetID = 95CEF753291F238600A9D772;
					};
					95CEF76D291F238E00A9D772 = {
						CreatedOnToolsVersion = 14.1;
						TestTargetID = 95CEF753291F238600A9D772;
					};
				};
			};
			buildConfigurationList = 95CEF74F291F238600A9D772 /* Build configuration list for PBXProject "clouds" */;
			compatibilityVersion = "Xcode 14.0";
			developmentRegion = en;
			hasScannedForEncodings = 0;
			knownRegions = (
				en,
				Base,
			);
			mainGroup = 95CEF74B291F238600A9D772;
			packageReferences = (
			);
			productRefGroup = 95CEF755291F238600A9D772 /* Products */;
			projectDirPath = "";
			projectRoot = "";
			targets = (
				95CEF753291F238600A9D772 /* clouds */,
				95CEF763291F238E00A9D772 /* cloudsTests */,
				95CEF76D291F238E00A9D772 /* cloudsUITests */,
			);
		};
/* End PBXProject section */

/* Begin PBXResourcesBuildPhase section */
		95CEF752291F238600A9D772 /* Resources */ = {
			isa = PBXResourcesBuildPhase;
			buildActionMask = 2147483647;
			files = (
				95CEF75F291F238E00A9D772 /* Preview Assets.xcassets in Resources */,
				95AE8C28293DB50D00410408 /* starwars.json in Resources */,
				95CEF75C291F238E00A9D772 /* Assets.xcassets in Resources */,
				95AE8C26293DB24500410408 /* relay.config.json in Resources */,
				95F2653B293D205900BCACFB /* cumulus.jpg in Resources */,
			);
			runOnlyForDeploymentPostprocessing = 0;
		};
		95CEF762291F238E00A9D772 /* Resources */ = {
			isa = PBXResourcesBuildPhase;
			buildActionMask = 2147483647;
			files = (
			);
			runOnlyForDeploymentPostprocessing = 0;
		};
		95CEF76C291F238E00A9D772 /* Resources */ = {
			isa = PBXResourcesBuildPhase;
			buildActionMask = 2147483647;
			files = (
				95AE8C20293DAF8500410408 /* starwars.graphql in Resources */,
			);
			runOnlyForDeploymentPostprocessing = 0;
		};
/* End PBXResourcesBuildPhase section */

/* Begin PBXSourcesBuildPhase section */
		95CEF750291F238600A9D772 /* Sources */ = {
			isa = PBXSourcesBuildPhase;
			buildActionMask = 2147483647;
			files = (
				95CEF75A291F238600A9D772 /* FilmListView.swift in Sources */,
				95CEF782291F241D00A9D772 /* FilmListItemView.swift in Sources */,
				95CEF758291F238600A9D772 /* cloudsApp.swift in Sources */,
				95E2B74F2946EC2C005C957C /* filmlistviewq.swift in Sources */,
				95AE8C33293F01B300410408 /* FilmListItemView_film.relay.swift in Sources */,
				95AE8C32293F01B300410408 /* FilmListViewQuery.relay.swift in Sources */,
			);
			runOnlyForDeploymentPostprocessing = 0;
		};
		95CEF760291F238E00A9D772 /* Sources */ = {
			isa = PBXSourcesBuildPhase;
			buildActionMask = 2147483647;
			files = (
				95CEF769291F238E00A9D772 /* cloudsTests.swift in Sources */,
			);
			runOnlyForDeploymentPostprocessing = 0;
		};
		95CEF76A291F238E00A9D772 /* Sources */ = {
			isa = PBXSourcesBuildPhase;
			buildActionMask = 2147483647;
			files = (
				95CEF775291F238E00A9D772 /* cloudsUITestsLaunchTests.swift in Sources */,
				95CEF773291F238E00A9D772 /* cloudsUITests.swift in Sources */,
			);
			runOnlyForDeploymentPostprocessing = 0;
		};
/* End PBXSourcesBuildPhase section */

/* Begin PBXTargetDependency section */
		95CEF766291F238E00A9D772 /* PBXTargetDependency */ = {
			isa = PBXTargetDependency;
			target = 95CEF753291F238600A9D772 /* clouds */;
			targetProxy = 95CEF765291F238E00A9D772 /* PBXContainerItemProxy */;
		};
		95CEF770291F238E00A9D772 /* PBXTargetDependency */ = {
			isa = PBXTargetDependency;
			target = 95CEF753291F238600A9D772 /* clouds */;
			targetProxy = 95CEF76F291F238E00A9D772 /* PBXContainerItemProxy */;
		};
/* End PBXTargetDependency section */

/* Begin XCBuildConfiguration section */
		95CEF776291F238E00A9D772 /* Debug */ = {
			isa = XCBuildConfiguration;
			buildSettings = {
				ALWAYS_SEARCH_USER_PATHS = NO;
				CLANG_ANALYZER_NONNULL = YES;
				CLANG_ANALYZER_NUMBER_OBJECT_CONVERSION = YES_AGGRESSIVE;
				CLANG_CXX_LANGUAGE_STANDARD = "gnu++20";
				CLANG_ENABLE_MODULES = YES;
				CLANG_ENABLE_OBJC_ARC = YES;
				CLANG_ENABLE_OBJC_WEAK = YES;
				CLANG_WARN_BLOCK_CAPTURE_AUTORELEASING = YES;
				CLANG_WARN_BOOL_CONVERSION = YES;
				CLANG_WARN_COMMA = YES;
				CLANG_WARN_CONSTANT_CONVERSION = YES;
				CLANG_WARN_DEPRECATED_OBJC_IMPLEMENTATIONS = YES;
				CLANG_WARN_DIRECT_OBJC_ISA_USAGE = YES_ERROR;
				CLANG_WARN_DOCUMENTATION_COMMENTS = YES;
				CLANG_WARN_EMPTY_BODY = YES;
				CLANG_WARN_ENUM_CONVERSION = YES;
				CLANG_WARN_INFINITE_RECURSION = YES;
				CLANG_WARN_INT_CONVERSION = YES;
				CLANG_WARN_NON_LITERAL_NULL_CONVERSION = YES;
				CLANG_WARN_OBJC_IMPLICIT_RETAIN_SELF = YES;
				CLANG_WARN_OBJC_LITERAL_CONVERSION = YES;
				CLANG_WARN_OBJC_ROOT_CLASS = YES_ERROR;
				CLANG_WARN_QUOTED_INCLUDE_IN_FRAMEWORK_HEADER = YES;
				CLANG_WARN_RANGE_LOOP_ANALYSIS = YES;
				CLANG_WARN_STRICT_PROTOTYPES = YES;
				CLANG_WARN_SUSPICIOUS_MOVE = YES;
				CLANG_WARN_UNGUARDED_AVAILABILITY = YES_AGGRESSIVE;
				CLANG_WARN_UNREACHABLE_CODE = YES;
				CLANG_WARN__DUPLICATE_METHOD_MATCH = YES;
				COPY_PHASE_STRIP = NO;
				DEBUG_INFORMATION_FORMAT = dwarf;
				ENABLE_STRICT_OBJC_MSGSEND = YES;
				ENABLE_TESTABILITY = YES;
				GCC_C_LANGUAGE_STANDARD = gnu11;
				GCC_DYNAMIC_NO_PIC = NO;
				GCC_NO_COMMON_BLOCKS = YES;
				GCC_OPTIMIZATION_LEVEL = 0;
				GCC_PREPROCESSOR_DEFINITIONS = (
					"DEBUG=1",
					"$(inherited)",
				);
				GCC_WARN_64_TO_32_BIT_CONVERSION = YES;
				GCC_WARN_ABOUT_RETURN_TYPE = YES_ERROR;
				GCC_WARN_UNDECLARED_SELECTOR = YES;
				GCC_WARN_UNINITIALIZED_AUTOS = YES_AGGRESSIVE;
				GCC_WARN_UNUSED_FUNCTION = YES;
				GCC_WARN_UNUSED_VARIABLE = YES;
				IPHONEOS_DEPLOYMENT_TARGET = 16.1;
				MTL_ENABLE_DEBUG_INFO = INCLUDE_SOURCE;
				MTL_FAST_MATH = YES;
				ONLY_ACTIVE_ARCH = YES;
				SDKROOT = iphoneos;
				SWIFT_ACTIVE_COMPILATION_CONDITIONS = DEBUG;
				SWIFT_OPTIMIZATION_LEVEL = "-Onone";
			};
			name = Debug;
		};
		95CEF777291F238E00A9D772 /* Release */ = {
			isa = XCBuildConfiguration;
			buildSettings = {
				ALWAYS_SEARCH_USER_PATHS = NO;
				CLANG_ANALYZER_NONNULL = YES;
				CLANG_ANALYZER_NUMBER_OBJECT_CONVERSION = YES_AGGRESSIVE;
				CLANG_CXX_LANGUAGE_STANDARD = "gnu++20";
				CLANG_ENABLE_MODULES = YES;
				CLANG_ENABLE_OBJC_ARC = YES;
				CLANG_ENABLE_OBJC_WEAK = YES;
				CLANG_WARN_BLOCK_CAPTURE_AUTORELEASING = YES;
				CLANG_WARN_BOOL_CONVERSION = YES;
				CLANG_WARN_COMMA = YES;
				CLANG_WARN_CONSTANT_CONVERSION = YES;
				CLANG_WARN_DEPRECATED_OBJC_IMPLEMENTATIONS = YES;
				CLANG_WARN_DIRECT_OBJC_ISA_USAGE = YES_ERROR;
				CLANG_WARN_DOCUMENTATION_COMMENTS = YES;
				CLANG_WARN_EMPTY_BODY = YES;
				CLANG_WARN_ENUM_CONVERSION = YES;
				CLANG_WARN_INFINITE_RECURSION = YES;
				CLANG_WARN_INT_CONVERSION = YES;
				CLANG_WARN_NON_LITERAL_NULL_CONVERSION = YES;
				CLANG_WARN_OBJC_IMPLICIT_RETAIN_SELF = YES;
				CLANG_WARN_OBJC_LITERAL_CONVERSION = YES;
				CLANG_WARN_OBJC_ROOT_CLASS = YES_ERROR;
				CLANG_WARN_QUOTED_INCLUDE_IN_FRAMEWORK_HEADER = YES;
				CLANG_WARN_RANGE_LOOP_ANALYSIS = YES;
				CLANG_WARN_STRICT_PROTOTYPES = YES;
				CLANG_WARN_SUSPICIOUS_MOVE = YES;
				CLANG_WARN_UNGUARDED_AVAILABILITY = YES_AGGRESSIVE;
				CLANG_WARN_UNREACHABLE_CODE = YES;
				CLANG_WARN__DUPLICATE_METHOD_MATCH = YES;
				COPY_PHASE_STRIP = NO;
				DEBUG_INFORMATION_FORMAT = "dwarf-with-dsym";
				ENABLE_NS_ASSERTIONS = NO;
				ENABLE_STRICT_OBJC_MSGSEND = YES;
				GCC_C_LANGUAGE_STANDARD = gnu11;
				GCC_NO_COMMON_BLOCKS = YES;
				GCC_WARN_64_TO_32_BIT_CONVERSION = YES;
				GCC_WARN_ABOUT_RETURN_TYPE = YES_ERROR;
				GCC_WARN_UNDECLARED_SELECTOR = YES;
				GCC_WARN_UNINITIALIZED_AUTOS = YES_AGGRESSIVE;
				GCC_WARN_UNUSED_FUNCTION = YES;
				GCC_WARN_UNUSED_VARIABLE = YES;
				IPHONEOS_DEPLOYMENT_TARGET = 16.1;
				MTL_ENABLE_DEBUG_INFO = NO;
				MTL_FAST_MATH = YES;
				SDKROOT = iphoneos;
				SWIFT_COMPILATION_MODE = wholemodule;
				SWIFT_OPTIMIZATION_LEVEL = "-O";
				VALIDATE_PRODUCT = YES;
			};
			name = Release;
		};
		95CEF779291F238E00A9D772 /* Debug */ = {
			isa = XCBuildConfiguration;
			buildSettings = {
				ASSETCATALOG_COMPILER_APPICON_NAME = AppIcon;
				ASSETCATALOG_COMPILER_GLOBAL_ACCENT_COLOR_NAME = AccentColor;
				CODE_SIGN_STYLE = Automatic;
				CURRENT_PROJECT_VERSION = 1;
				DEVELOPMENT_ASSET_PATHS = "\"clouds/Preview Content\"";
				DEVELOPMENT_TEAM = K73EMNY64B;
				ENABLE_PREVIEWS = YES;
				GENERATE_INFOPLIST_FILE = YES;
				INFOPLIST_KEY_UIApplicationSceneManifest_Generation = YES;
				INFOPLIST_KEY_UIApplicationSupportsIndirectInputEvents = YES;
				INFOPLIST_KEY_UILaunchScreen_Generation = YES;
				INFOPLIST_KEY_UISupportedInterfaceOrientations_iPad = "UIInterfaceOrientationPortrait UIInterfaceOrientationPortraitUpsideDown UIInterfaceOrientationLandscapeLeft UIInterfaceOrientationLandscapeRight";
				INFOPLIST_KEY_UISupportedInterfaceOrientations_iPhone = "UIInterfaceOrientationPortrait UIInterfaceOrientationLandscapeLeft UIInterfaceOrientationLandscapeRight";
				LD_RUNPATH_SEARCH_PATHS = (
					"$(inherited)",
					"@executable_path/Frameworks",
				);
				MARKETING_VERSION = 1.0;
				PRODUCT_BUNDLE_IDENTIFIER = com.inlineblock.test.clouds;
				PRODUCT_NAME = "$(TARGET_NAME)";
				SWIFT_EMIT_LOC_STRINGS = YES;
				SWIFT_VERSION = 5.0;
				TARGETED_DEVICE_FAMILY = "1,2";
			};
			name = Debug;
		};
		95CEF77A291F238E00A9D772 /* Release */ = {
			isa = XCBuildConfiguration;
			buildSettings = {
				ASSETCATALOG_COMPILER_APPICON_NAME = AppIcon;
				ASSETCATALOG_COMPILER_GLOBAL_ACCENT_COLOR_NAME = AccentColor;
				CODE_SIGN_STYLE = Automatic;
				CURRENT_PROJECT_VERSION = 1;
				DEVELOPMENT_ASSET_PATHS = "\"clouds/Preview Content\"";
				DEVELOPMENT_TEAM = K73EMNY64B;
				ENABLE_PREVIEWS = YES;
				GENERATE_INFOPLIST_FILE = YES;
				INFOPLIST_KEY_UIApplicationSceneManifest_Generation = YES;
				INFOPLIST_KEY_UIApplicationSupportsIndirectInputEvents = YES;
				INFOPLIST_KEY_UILaunchScreen_Generation = YES;
				INFOPLIST_KEY_UISupportedInterfaceOrientations_iPad = "UIInterfaceOrientationPortrait UIInterfaceOrientationPortraitUpsideDown UIInterfaceOrientationLandscapeLeft UIInterfaceOrientationLandscapeRight";
				INFOPLIST_KEY_UISupportedInterfaceOrientations_iPhone = "UIInterfaceOrientationPortrait UIInterfaceOrientationLandscapeLeft UIInterfaceOrientationLandscapeRight";
				LD_RUNPATH_SEARCH_PATHS = (
					"$(inherited)",
					"@executable_path/Frameworks",
				);
				MARKETING_VERSION = 1.0;
				PRODUCT_BUNDLE_IDENTIFIER = com.inlineblock.test.clouds;
				PRODUCT_NAME = "$(TARGET_NAME)";
				SWIFT_EMIT_LOC_STRINGS = YES;
				SWIFT_VERSION = 5.0;
				TARGETED_DEVICE_FAMILY = "1,2";
			};
			name = Release;
		};
		95CEF77C291F238E00A9D772 /* Debug */ = {
			isa = XCBuildConfiguration;
			buildSettings = {
				ALWAYS_EMBED_SWIFT_STANDARD_LIBRARIES = YES;
				BUNDLE_LOADER = "$(TEST_HOST)";
				CODE_SIGN_STYLE = Automatic;
				CURRENT_PROJECT_VERSION = 1;
				DEVELOPMENT_TEAM = K73EMNY64B;
				GENERATE_INFOPLIST_FILE = YES;
				IPHONEOS_DEPLOYMENT_TARGET = 16.1;
				MARKETING_VERSION = 1.0;
				PRODUCT_BUNDLE_IDENTIFIER = com.inlineblock.test.cloudsTests;
				PRODUCT_NAME = "$(TARGET_NAME)";
				SWIFT_EMIT_LOC_STRINGS = NO;
				SWIFT_VERSION = 5.0;
				TARGETED_DEVICE_FAMILY = "1,2";
				TEST_HOST = "$(BUILT_PRODUCTS_DIR)/clouds.app/$(BUNDLE_EXECUTABLE_FOLDER_PATH)/clouds";
			};
			name = Debug;
		};
		95CEF77D291F238E00A9D772 /* Release */ = {
			isa = XCBuildConfiguration;
			buildSettings = {
				ALWAYS_EMBED_SWIFT_STANDARD_LIBRARIES = YES;
				BUNDLE_LOADER = "$(TEST_HOST)";
				CODE_SIGN_STYLE = Automatic;
				CURRENT_PROJECT_VERSION = 1;
				DEVELOPMENT_TEAM = K73EMNY64B;
				GENERATE_INFOPLIST_FILE = YES;
				IPHONEOS_DEPLOYMENT_TARGET = 16.1;
				MARKETING_VERSION = 1.0;
				PRODUCT_BUNDLE_IDENTIFIER = com.inlineblock.test.cloudsTests;
				PRODUCT_NAME = "$(TARGET_NAME)";
				SWIFT_EMIT_LOC_STRINGS = NO;
				SWIFT_VERSION = 5.0;
				TARGETED_DEVICE_FAMILY = "1,2";
				TEST_HOST = "$(BUILT_PRODUCTS_DIR)/clouds.app/$(BUNDLE_EXECUTABLE_FOLDER_PATH)/clouds";
			};
			name = Release;
		};
		95CEF77F291F238E00A9D772 /* Debug */ = {
			isa = XCBuildConfiguration;
			buildSettings = {
				ALWAYS_EMBED_SWIFT_STANDARD_LIBRARIES = YES;
				CODE_SIGN_STYLE = Automatic;
				CURRENT_PROJECT_VERSION = 1;
				DEVELOPMENT_TEAM = K73EMNY64B;
				GENERATE_INFOPLIST_FILE = YES;
				MARKETING_VERSION = 1.0;
				PRODUCT_BUNDLE_IDENTIFIER = com.inlineblock.test.cloudsUITests;
				PRODUCT_NAME = "$(TARGET_NAME)";
				SWIFT_EMIT_LOC_STRINGS = NO;
				SWIFT_VERSION = 5.0;
				TARGETED_DEVICE_FAMILY = "1,2";
				TEST_TARGET_NAME = clouds;
			};
			name = Debug;
		};
		95CEF780291F238E00A9D772 /* Release */ = {
			isa = XCBuildConfiguration;
			buildSettings = {
				ALWAYS_EMBED_SWIFT_STANDARD_LIBRARIES = YES;
				CODE_SIGN_STYLE = Automatic;
				CURRENT_PROJECT_VERSION = 1;
				DEVELOPMENT_TEAM = K73EMNY64B;
				GENERATE_INFOPLIST_FILE = YES;
				MARKETING_VERSION = 1.0;
				PRODUCT_BUNDLE_IDENTIFIER = com.inlineblock.test.cloudsUITests;
				PRODUCT_NAME = "$(TARGET_NAME)";
				SWIFT_EMIT_LOC_STRINGS = NO;
				SWIFT_VERSION = 5.0;
				TARGETED_DEVICE_FAMILY = "1,2";
				TEST_TARGET_NAME = clouds;
			};
			name = Release;
		};
/* End XCBuildConfiguration section */

/* Begin XCConfigurationList section */
		95CEF74F291F238600A9D772 /* Build configuration list for PBXProject "clouds" */ = {
			isa = XCConfigurationList;
			buildConfigurations = (
				95CEF776291F238E00A9D772 /* Debug */,
				95CEF777291F238E00A9D772 /* Release */,
			);
			defaultConfigurationIsVisible = 0;
			defaultConfigurationName = Release;
		};
		95CEF778291F238E00A9D772 /* Build configuration list for PBXNativeTarget "clouds" */ = {
			isa = XCConfigurationList;
			buildConfigurations = (
				95CEF779291F238E00A9D772 /* Debug */,
				95CEF77A291F238E00A9D772 /* Release */,
			);
			defaultConfigurationIsVisible = 0;
			defaultConfigurationName = Release;
		};
		95CEF77B291F238E00A9D772 /* Build configuration list for PBXNativeTarget "cloudsTests" */ = {
			isa = XCConfigurationList;
			buildConfigurations = (
				95CEF77C291F238E00A9D772 /* Debug */,
				95CEF77D291F238E00A9D772 /* Release */,
			);
			defaultConfigurationIsVisible = 0;
			defaultConfigurationName = Release;
		};
		95CEF77E291F238E00A9D772 /* Build configuration list for PBXNativeTarget "cloudsUITests" */ = {
			isa = XCConfigurationList;
			buildConfigurations = (
				95CEF77F291F238E00A9D772 /* Debug */,
				95CEF780291F238E00A9D772 /* Release */,
			);
			defaultConfigurationIsVisible = 0;
			defaultConfigurationName = Release;
		};
/* End XCConfigurationList section */

/* Begin XCSwiftPackageProductDependency section */
		95E2B74C2945B343005C957C /* Amphion */ = {
			isa = XCSwiftPackageProductDependency;
			productName = Amphion;
		};
/* End XCSwiftPackageProductDependency section */
	};
	rootObject = 95CEF74C291F238600A9D772 /* Project object */;
}
